{
  "name": "chinese_cn_tw",
  "version": "1.0.0",
  "lockfileVersion": 1,
  "requires": true,
  "dependencies": {
    "@bluelovers/fast-glob": {
      "version": "3.0.4",
      "resolved": "https://registry.npmjs.org/@bluelovers/fast-glob/-/fast-glob-3.0.4.tgz",
      "integrity": "sha512-djAOOjDWXolYArm5NXxOIX7Q7OGhAaRtMs5F968OxelWkMUU6PyU6tS66CFykVON4U5y8jXcsnVAFCaeuf1nEA==",
      "requires": {
        "bluebird": "^3",
        "fast-glob": "^3"
      }
    },
    "@bluelovers/string-natural-compare": {
      "version": "1.1.2",
      "resolved": "https://registry.npmjs.org/@bluelovers/string-natural-compare/-/string-natural-compare-1.1.2.tgz",
      "integrity": "sha512-IyoxY67CokEEcyFTkQ78a3fImuc0YaBvEOVtRLSx8O6czVD3QyzT1F7dykr2eFP/zYA7ohnwnSkUpQICLSc+Fw==",
      "requires": {
        "string-natural-compare": "^3.0.1"
      }
    },
    "@lazy-cjk/japanese": {
      "version": "1.2.11",
      "resolved": "https://registry.npmjs.org/@lazy-cjk/japanese/-/japanese-1.2.11.tgz",
      "integrity": "sha512-+o/Uxrj7BOn9vM3OgMkg7qR0o6DvuMk/lm0SY2qgV2FCYup3dJB/hfbAFIqiRuEzXNPcmPoJ9RHy7Sy0Na7JYA==",
      "requires": {
        "big.js": "^6.0.2",
        "lodash": "^4.17.20"
      }
    },
    "@lazy-cjk/jp-table-alias": {
      "version": "1.0.26",
      "resolved": "https://registry.npmjs.org/@lazy-cjk/jp-table-alias/-/jp-table-alias-1.0.26.tgz",
      "integrity": "sha512-iZHak7zdALsn0I1PVy9t4tkMZdFaI3NQNnPha5/HQ3xBU6nzL2YmeR6Z3qtWayhfXtXo/nONkzzJxD9mglNEOA==",
      "requires": {
        "@lazy-cjk/jp-table-convert": "^1.0.27",
        "array-hyper-unique": "^1.1.9"
      }
    },
    "@lazy-cjk/jp-table-comparison": {
      "version": "1.0.14",
      "resolved": "https://registry.npmjs.org/@lazy-cjk/jp-table-comparison/-/jp-table-comparison-1.0.14.tgz",
      "integrity": "sha512-0Zu3+LdyfYdDHnOAW2jfcyQERL7JW3EZiOymE/rihrPvbefj6GLkeAuOrS3ZBdA/VXzq/3tr+74aCzXpka6Img==",
      "requires": {
        "array-hyper-unique": "^1.1.9"
      }
    },
    "@lazy-cjk/jp-table-convert": {
      "version": "1.0.27",
      "resolved": "https://registry.npmjs.org/@lazy-cjk/jp-table-convert/-/jp-table-convert-1.0.27.tgz",
      "integrity": "sha512-rKj8ZuoWcIkR8+juDPSoZzIumhJ0VdEvk1MlCobOeuiLXAqUScVlisHmM24+Fq0Upt7u4J3eKyUyvGDmvnOkTQ==",
      "requires": {
        "@lazy-cjk/jp-table-comparison": "^1.0.14",
        "regexp-helper": "^1.0.20",
        "uni-string": "^1.1.10"
      }
    },
    "@lazy-cjk/jp-table-voice": {
      "version": "1.0.18",
      "resolved": "https://registry.npmjs.org/@lazy-cjk/jp-table-voice/-/jp-table-voice-1.0.18.tgz",
      "integrity": "sha512-0AFvfknRkmHQzb575MnG1XDWlJTlpbgYOyQTd0LBvoXMjcGaHfWNSxU6uo/7Xku7stmnOuc6tAzpQydqZMs3dg==",
      "requires": {
        "array-hyper-unique": "^1.1.9",
        "ts-type": "^1.2.34"
      }
    },
    "@lazy-cjk/novel-filename": {
      "version": "1.0.34",
      "resolved": "https://registry.npmjs.org/@lazy-cjk/novel-filename/-/novel-filename-1.0.34.tgz",
      "integrity": "sha512-SdI8hVqXGSD/+WoSrmjhuekf+JuZ0nlkG5dTvHWL43jMaw1/EoURzXbmCQe9Mba7Zp/aS5yyLtvfFdJyspVjTQ==",
      "requires": {
        "@lazy-cjk/jp-table-convert": "^1.0.27",
        "@lazy-cjk/zh-convert": "^1.0.33"
      }
    },
    "@lazy-cjk/static-build-zh-convert": {
      "version": "1.0.33",
      "resolved": "https://registry.npmjs.org/@lazy-cjk/static-build-zh-convert/-/static-build-zh-convert-1.0.33.tgz",
      "integrity": "sha512-xCydhyfBDDFB7umbUzdKSNZDR3G+ffOAzLIf2a+3uHmJr6ZoKWrOAo6p0yus/kk3q14gJkbadANUnIdF/qQyRw=="
    },
    "@lazy-cjk/util": {
      "version": "1.0.7",
      "resolved": "https://registry.npmjs.org/@lazy-cjk/util/-/util-1.0.7.tgz",
      "integrity": "sha512-YQG4+ZYRXEe85L8AeCV7wlkG9H+LQnO2TwlXZGvI4VvQtag/Cs9nucT/0bC2KEG9T8s6nJyeeyg6+owW58E4xQ==",
      "requires": {
        "uni-string": "^1.1.10"
      }
    },
    "@lazy-cjk/zh-convert": {
      "version": "1.0.33",
      "resolved": "https://registry.npmjs.org/@lazy-cjk/zh-convert/-/zh-convert-1.0.33.tgz",
      "integrity": "sha512-KAZEmYQy58c7saRDdIHEOirsgNQDLglCmGhNXZdWitMowuxReauQLsLHcSME+wxFaTSy7jc1f+7mHpW97poqig==",
      "requires": {
        "@lazy-cjk/static-build-zh-convert": "^1.0.33",
        "array-hyper-unique": "^1.1.9",
        "regexp-helper": "^1.0.20",
        "uni-string": "^1.1.10"
      }
    },
    "@lazy-cjk/zh-convert-table": {
      "version": "1.0.18",
      "resolved": "https://registry.npmjs.org/@lazy-cjk/zh-convert-table/-/zh-convert-table-1.0.18.tgz",
      "integrity": "sha512-3GgmxeskJViEegtq0MvLxs+uX2Rn5B2LCky26+3RvfcSM7ukKiJ3LexwCtsGQUfRuij2Y7N3XQAwSsakgg22ZQ=="
    },
    "@lazy-cjk/zh-slugify": {
      "version": "1.0.63",
      "resolved": "https://registry.npmjs.org/@lazy-cjk/zh-slugify/-/zh-slugify-1.0.63.tgz",
      "integrity": "sha512-R/l92UOO0374JmiSqaN2GZ1fYovPRGj3J2wIc//UcaOzwsq5URJrFTlpEFZ893J4wbIEzRsoZMUZDwYl/e7y0w==",
      "requires": {
        "@lazy-cjk/zh-table-greedy": "^1.0.59",
        "@lazy-cjk/zh-table-list": "^1.0.60"
      }
    },
    "@lazy-cjk/zh-table-alias": {
      "version": "1.0.43",
      "resolved": "https://registry.npmjs.org/@lazy-cjk/zh-table-alias/-/zh-table-alias-1.0.43.tgz",
      "integrity": "sha512-bIbrqF5mYQXpwFTcotYFnecbOF0oMjnQk31Lkwj6+yRP+zBDkO850PBUKTutHUnigtnQdEiWtWGJrSrERFlQRA==",
      "requires": {
        "@lazy-cjk/jp-table-alias": "^1.0.26",
        "@lazy-cjk/zh-convert": "^1.0.33",
        "array-hyper-unique": "^1.1.9",
        "deepmerge-plus": "^2.1.3",
        "ts-type": "^1.2.34"
      }
    },
    "@lazy-cjk/zh-table-greedy": {
      "version": "1.0.59",
      "resolved": "https://registry.npmjs.org/@lazy-cjk/zh-table-greedy/-/zh-table-greedy-1.0.59.tgz",
      "integrity": "sha512-TnrJGGOhIOg3LDyAN6I+MUTRO+v/jv+a08TDEZKup4xW6e7a28MOq/MQMi3R799YrqARCcsHr+7sY1F/BWMfqg==",
      "requires": {
        "array-hyper-unique": "^1.1.9",
        "uni-string": "^1.1.10"
      }
    },
    "@lazy-cjk/zh-table-list": {
      "version": "1.0.60",
      "resolved": "https://registry.npmjs.org/@lazy-cjk/zh-table-list/-/zh-table-list-1.0.60.tgz",
      "integrity": "sha512-8xGnpaz0sh3QqXux2LN9HVU/37ssDRdq5FSUuCiLIqusHmthawo0gvq/2Vv3LUWTqGKhPWv6IS9WI6ZjHr+9vw==",
      "requires": {
        "@lazy-cjk/jp-table-convert": "^1.0.27",
        "@lazy-cjk/zh-convert": "^1.0.33",
        "@lazy-cjk/zh-table-alias": "^1.0.43",
        "@lazy-cjk/zh-table-greedy": "^1.0.59",
        "uni-string": "^1.1.10"
      }
    },
    "@nodelib/fs.scandir": {
      "version": "2.1.3",
      "resolved": "https://registry.npmjs.org/@nodelib/fs.scandir/-/fs.scandir-2.1.3.tgz",
      "integrity": "sha512-eGmwYQn3gxo4r7jdQnkrrN6bY478C3P+a/y72IJukF8LjB6ZHeB3c+Ehacj3sYeSmUXGlnA67/PmbM9CVwL7Dw==",
      "requires": {
        "@nodelib/fs.stat": "2.0.3",
        "run-parallel": "^1.1.9"
      }
    },
    "@nodelib/fs.stat": {
      "version": "2.0.3",
      "resolved": "https://registry.npmjs.org/@nodelib/fs.stat/-/fs.stat-2.0.3.tgz",
      "integrity": "sha512-bQBFruR2TAwoevBEd/NWMoAAtNGzTRgdrqnYCc7dhzfoNvqPzLyqlEQnzZ3kVnNrSp25iyxE00/3h2fqGAGArA=="
    },
    "@nodelib/fs.walk": {
      "version": "1.2.4",
      "resolved": "https://registry.npmjs.org/@nodelib/fs.walk/-/fs.walk-1.2.4.tgz",
      "integrity": "sha512-1V9XOY4rDW0rehzbrcqAmHnz8e7SKvX27gh8Gt2WgB0+pdzdiLV83p72kZPU+jvMbS1qU5mauP2iOvO8rhmurQ==",
      "requires": {
        "@nodelib/fs.scandir": "2.1.3",
        "fastq": "^1.6.0"
      }
    },
    "@novel-segment/dict-loader-core": {
      "version": "1.0.8",
      "resolved": "https://registry.npmjs.org/@novel-segment/dict-loader-core/-/dict-loader-core-1.0.8.tgz",
      "integrity": "sha512-WgfU/ngIGbcm5aC+Y1/ykhcBdEBajs1Zhh71iY9QDO1qANoXarXHRtCbELJRayQMQGr9dyPlhssbmHz/M4vfjw==",
      "requires": {
        "bluebird": "^3.7.2",
        "core-decorators": "^0.20.0",
        "crlf-normalize": "^1.0.5"
      }
    },
    "@novel-segment/loader-line": {
      "version": "1.0.8",
      "resolved": "https://registry.npmjs.org/@novel-segment/loader-line/-/loader-line-1.0.8.tgz",
      "integrity": "sha512-rt/s4Wx46Omb/123neLBBTGptiDKZ+wO2dN9iZCuedI0Zdi54Vyzie4M0Pn6ngUwFGF2RGdjd8lBrUH622UbXw==",
      "requires": {
        "@novel-segment/dict-loader-core": "^1.0.8"
      }
    },
    "@novel-segment/loader-stopword": {
      "version": "1.0.8",
      "resolved": "https://registry.npmjs.org/@novel-segment/loader-stopword/-/loader-stopword-1.0.8.tgz",
      "integrity": "sha512-c0rDimIcXuACq7aE31Ol5LbhP9DVO95CYzQ0iYifZ7NNiTt7xg4bLpc0RWB/Ldu49VtPDs9NysVhUOqRXR85zw==",
      "requires": {
        "@novel-segment/dict-loader-core": "^1.0.8"
      }
    },
    "@novel-segment/loaders": {
      "version": "1.0.15",
      "resolved": "https://registry.npmjs.org/@novel-segment/loaders/-/loaders-1.0.15.tgz",
      "integrity": "sha512-edhaEJU3aiGHOUOqpbChBX3BUcVahYP+MZY0fHn6qidPU+rCHyjaXgMPfJDfPV3H0iYMKFTryxpArf6gAp3dJg==",
      "requires": {
        "@novel-segment/dict-loader-core": "^1.0.8",
        "@novel-segment/loader-line": "^1.0.8",
        "@novel-segment/loader-stopword": "^1.0.8",
        "@novel-segment/stream-loader-core": "^1.0.7"
      }
    },
    "@novel-segment/postag": {
      "version": "1.0.4",
      "resolved": "https://registry.npmjs.org/@novel-segment/postag/-/postag-1.0.4.tgz",
      "integrity": "sha512-aiJena+aSLrv18B9QTbQPwXDiDTQbj6RW42vi07Rd+7WX2l3+AURm1cuqmRcRRlNT6ewirFIMGd5YzyPNa/FKw==",
      "requires": {
        "ts-enum-util": "^4.0.2",
        "ts-type": "^1.2.34"
      }
    },
    "@novel-segment/stream-loader-core": {
      "version": "1.0.7",
      "resolved": "https://registry.npmjs.org/@novel-segment/stream-loader-core/-/stream-loader-core-1.0.7.tgz",
      "integrity": "sha512-bUkekkdfQQkf/xsq4fhd68I0FvW+Kp1jorlH3HtoiY0AzUDrIWFzGTKLMma8eKYBZ8oTzLoZ2LeL3tHWTLNmGQ==",
      "requires": {
        "bluebird": "^3.7.2",
        "split2": "^3.2.2",
        "stream-pipe": "^1.0.1"
      }
    },
    "@novel-segment/util": {
      "version": "1.0.39",
      "resolved": "https://registry.npmjs.org/@novel-segment/util/-/util-1.0.39.tgz",
      "integrity": "sha512-A/BxKkULetBZivnSd97u/bBvWG6MMDv8SZAukiqeAm4skganPK1y528pt0XvZdHXg3bP/00D6YX9XdG7BMubpQ==",
      "requires": {
        "@bluelovers/string-natural-compare": "^1.1.2",
        "regexp-helper": "^1.0.20"
      }
    },
    "ansi-regex": {
      "version": "5.0.0",
      "resolved": "https://registry.npmjs.org/ansi-regex/-/ansi-regex-5.0.0.tgz",
      "integrity": "sha512-bY6fj56OUQ0hU1KjFNDQuJFezqKdrAyFdIevADiqrWHwSlbmBNMHp5ak2f40Pm8JTFyM2mqxkG6ngkHO11f/lg=="
    },
    "array-hyper-unique": {
      "version": "1.1.9",
      "resolved": "https://registry.npmjs.org/array-hyper-unique/-/array-hyper-unique-1.1.9.tgz",
      "integrity": "sha512-HdRWD+dNaFDPfaQo2nnxeMEPHaBAR5NOLBL94jO0eA5DTLtOqm4rKUaIUuYvN/Ye26UZlUZKr9tKZ6ZXcSMGxg==",
      "requires": {
        "deep-eql": "^4.0.0",
        "lodash": "^4.17.15"
      }
    },
    "balanced-match": {
      "version": "1.0.0",
      "resolved": "https://registry.npmjs.org/balanced-match/-/balanced-match-1.0.0.tgz",
      "integrity": "sha1-ibTRmasr7kneFk6gK4nORi1xt2c="
    },
    "big.js": {
      "version": "6.0.2",
      "resolved": "https://registry.npmjs.org/big.js/-/big.js-6.0.2.tgz",
      "integrity": "sha512-5PQYFp5ZrznQwD7cNgUHZwpC0gm/Pmh2GiUMSW4KurSXEtjLUVAXnmxYnM2W1X0Dx9JFAcvYJ4IQ+dchanp5VA=="
    },
    "bluebird": {
      "version": "3.7.2",
      "resolved": "https://registry.npmjs.org/bluebird/-/bluebird-3.7.2.tgz",
      "integrity": "sha512-XpNj6GDQzdfW+r2Wnn7xiSAd7TM3jzkxGXBGTtWKuSXv1xUV+azxAm8jdWZN06QTQk+2N2XB9jRDkvbmQmcRtg=="
    },
    "brace-expansion": {
      "version": "1.1.11",
      "resolved": "https://registry.npmjs.org/brace-expansion/-/brace-expansion-1.1.11.tgz",
      "integrity": "sha512-iCuPHDFgrHX7H2vEI/5xpz07zSHB00TpugqhmYtVmMO6518mCuRMoOYFldEBl0g187ufozdaHgWKcYFb61qGiA==",
      "requires": {
        "balanced-match": "^1.0.0",
        "concat-map": "0.0.1"
      }
    },
    "braces": {
      "version": "3.0.2",
      "resolved": "https://registry.npmjs.org/braces/-/braces-3.0.2.tgz",
      "integrity": "sha512-b8um+L1RzM3WDSzvhm6gIz1yfTbBt6YTlcEKAvsmqCZZFw46z626lVj9j1yEPW33H5H+lBQpZMP1k8l+78Ha0A==",
      "requires": {
        "fill-range": "^7.0.1"
      }
    },
    "chinese-parseint2": {
      "version": "1.1.3",
      "resolved": "https://registry.npmjs.org/chinese-parseint2/-/chinese-parseint2-1.1.3.tgz",
      "integrity": "sha512-MDdlrZw2gW+GKR3m8WmvyqTAhLMbEPFmkqeO1d14sSHPx2GghJYHlCuUnhwXMvNBywyAcVClEuHj3102Kr1kIA=="
    },
    "cjk-conv": {
      "version": "1.2.121",
      "resolved": "https://registry.npmjs.org/cjk-conv/-/cjk-conv-1.2.121.tgz",
      "integrity": "sha512-5TZ+lw4yyZPsvUudhBggE7VaEgbw/IIxSOHrAel9CWGNRDaBDJEEbaxtiuqyEm50AVFaGsPDX20dvgnnb+v93w==",
      "requires": {
        "@lazy-cjk/jp-table-alias": "^1.0.26",
        "@lazy-cjk/jp-table-comparison": "^1.0.14",
        "@lazy-cjk/jp-table-convert": "^1.0.27",
        "@lazy-cjk/jp-table-voice": "^1.0.18",
        "@lazy-cjk/novel-filename": "^1.0.34",
        "@lazy-cjk/util": "^1.0.7",
        "@lazy-cjk/zh-convert": "^1.0.33",
        "@lazy-cjk/zh-convert-table": "^1.0.18",
        "@lazy-cjk/zh-slugify": "^1.0.63",
        "@lazy-cjk/zh-table-alias": "^1.0.43",
        "@lazy-cjk/zh-table-greedy": "^1.0.59",
        "@lazy-cjk/zh-table-list": "^1.0.60",
        "uni-string": "^1.1.10"
      }
    },
    "class-proxy": {
      "version": "1.1.2",
      "resolved": "https://registry.npmjs.org/class-proxy/-/class-proxy-1.1.2.tgz",
      "integrity": "sha512-kowpC1EGn0b5ZxOMbF8f7IO03gg6dtI1rwBIHMfG5dEAeOVpZpukN9cT4K9cxv+IG8JihVdsqPr0V5bitB+pqQ=="
    },
    "concat-map": {
      "version": "0.0.1",
      "resolved": "https://registry.npmjs.org/concat-map/-/concat-map-0.0.1.tgz",
      "integrity": "sha1-2Klr13/Wjfd5OnMDajug1UBdR3s="
    },
    "core-decorators": {
      "version": "0.20.0",
      "resolved": "https://registry.npmjs.org/core-decorators/-/core-decorators-0.20.0.tgz",
      "integrity": "sha1-YFiWYkBTr4wo775zXCWjAaYcZcU="
    },
    "crlf-normalize": {
      "version": "1.0.5",
      "resolved": "https://registry.npmjs.org/crlf-normalize/-/crlf-normalize-1.0.5.tgz",
      "integrity": "sha512-XgG+PN25iqPhYqi3noKy10MTMjWWxn/BrkZNrjEkQXQuD9/DqQWYSHkEb3TuYBwEcP/Vxmy/mbCpxo2/GfZ88A=="
    },
    "deep-eql": {
      "version": "4.0.0",
      "resolved": "https://registry.npmjs.org/deep-eql/-/deep-eql-4.0.0.tgz",
      "integrity": "sha512-GxJC5MOg2KyQlv6WiUF/VAnMj4MWnYiXo4oLgeptOELVoknyErb4Z8+5F/IM/K4g9/80YzzatxmWcyRwUseH0A==",
      "requires": {
        "type-detect": "^4.0.0"
      }
    },
    "deepmerge": {
      "version": "4.2.2",
      "resolved": "https://registry.npmjs.org/deepmerge/-/deepmerge-4.2.2.tgz",
      "integrity": "sha512-FJ3UgI4gIl+PHZm53knsuSFpE+nESMr7M4v9QcgB7S63Kj/6WqMiFQJpBBYz1Pt+66bZpP3Q7Lye0Oo9MPKEdg=="
    },
    "deepmerge-plus": {
      "version": "2.1.3",
      "resolved": "https://registry.npmjs.org/deepmerge-plus/-/deepmerge-plus-2.1.3.tgz",
      "integrity": "sha512-nmRWdc9y7aqrhnZ1bWA+LOQuMV9WY6roWrZ7HN86l+JQ4HYRKXSQwOTNHseU88Py/knsov4j5Qh5RuFqCsNN8g==",
      "requires": {
        "is-mergeable-object": "1.1.0"
      }
    },
    "emoji-regex": {
      "version": "9.2.0",
      "resolved": "https://registry.npmjs.org/emoji-regex/-/emoji-regex-9.2.0.tgz",
      "integrity": "sha512-DNc3KFPK18bPdElMJnf/Pkv5TXhxFU3YFDEuGLDRtPmV4rkmCjBkCSEp22u6rBHdSN9Vlp/GK7k98prmE1Jgug=="
    },
    "es6-class-prototype": {
      "version": "1.0.4",
      "resolved": "https://registry.npmjs.org/es6-class-prototype/-/es6-class-prototype-1.0.4.tgz",
      "integrity": "sha512-w772noDRF8U+iSsg+wesXRNP61bMbKzky8JAvYEtQOI/DptYMN5cnNnGnjERGXoB+uPrhATbPz/wx7YCRwrpiA==",
      "requires": {
        "class-proxy": "^1.1.2"
      }
    },
    "fast-glob": {
      "version": "3.2.4",
      "resolved": "https://registry.npmjs.org/fast-glob/-/fast-glob-3.2.4.tgz",
      "integrity": "sha512-kr/Oo6PX51265qeuCYsyGypiO5uJFgBS0jksyG7FUeCyQzNwYnzrNIMR1NXfkZXsMYXYLRAHgISHBz8gQcxKHQ==",
      "requires": {
        "@nodelib/fs.stat": "^2.0.2",
        "@nodelib/fs.walk": "^1.2.3",
        "glob-parent": "^5.1.0",
        "merge2": "^1.3.0",
        "micromatch": "^4.0.2",
        "picomatch": "^2.2.1"
      }
    },
    "fastq": {
      "version": "1.9.0",
      "resolved": "https://registry.npmjs.org/fastq/-/fastq-1.9.0.tgz",
      "integrity": "sha512-i7FVWL8HhVY+CTkwFxkN2mk3h+787ixS5S63eb78diVRc1MCssarHq3W5cj0av7YDSwmaV928RNag+U1etRQ7w==",
      "requires": {
        "reusify": "^1.0.4"
      }
    },
    "fill-range": {
      "version": "7.0.1",
      "resolved": "https://registry.npmjs.org/fill-range/-/fill-range-7.0.1.tgz",
      "integrity": "sha512-qOo9F+dMUmC2Lcb4BbVvnKJxTPjCm+RRpe4gDuGrzkL7mEVl/djYSu2OdQ2Pa302N4oqkSg9ir6jaLWJ2USVpQ==",
      "requires": {
        "to-regex-range": "^5.0.1"
      }
    },
    "fs.realpath": {
      "version": "1.0.0",
      "resolved": "https://registry.npmjs.org/fs.realpath/-/fs.realpath-1.0.0.tgz",
      "integrity": "sha1-FQStJSMVjKpA20onh8sBQRmU6k8="
    },
    "glob": {
      "version": "7.1.6",
      "resolved": "https://registry.npmjs.org/glob/-/glob-7.1.6.tgz",
      "integrity": "sha512-LwaxwyZ72Lk7vZINtNNrywX0ZuLyStrdDtabefZKAY5ZGJhVtgdznluResxNmPitE0SAO+O26sWTHeKSI2wMBA==",
      "requires": {
        "fs.realpath": "^1.0.0",
        "inflight": "^1.0.4",
        "inherits": "2",
        "minimatch": "^3.0.4",
        "once": "^1.3.0",
        "path-is-absolute": "^1.0.0"
      }
    },
    "glob-parent": {
      "version": "5.1.1",
      "resolved": "https://registry.npmjs.org/glob-parent/-/glob-parent-5.1.1.tgz",
      "integrity": "sha512-FnI+VGOpnlGHWZxthPGR+QhR78fuiK0sNLkHQv+bL9fQi57lNNdquIbna/WrfROrolq8GK5Ek6BiMwqL/voRYQ==",
      "requires": {
        "is-glob": "^4.0.1"
      }
    },
    "inflight": {
      "version": "1.0.6",
      "resolved": "https://registry.npmjs.org/inflight/-/inflight-1.0.6.tgz",
      "integrity": "sha1-Sb1jMdfQLQwJvJEKEHW6gWW1bfk=",
      "requires": {
        "once": "^1.3.0",
        "wrappy": "1"
      }
    },
    "inherits": {
      "version": "2.0.4",
      "resolved": "https://registry.npmjs.org/inherits/-/inherits-2.0.4.tgz",
      "integrity": "sha512-k/vGaX4/Yla3WzyMCvTQOXYeIHvqOKtnqBduzTHpzpQZzAskKMhZ2K+EnBiSM9zGSoIFeMpXKxa4dYeZIQqewQ=="
    },
    "is-extglob": {
      "version": "2.1.1",
      "resolved": "https://registry.npmjs.org/is-extglob/-/is-extglob-2.1.1.tgz",
      "integrity": "sha1-qIwCU1eR8C7TfHahueqXc8gz+MI="
    },
    "is-fullwidth-code-point": {
      "version": "3.0.0",
      "resolved": "https://registry.npmjs.org/is-fullwidth-code-point/-/is-fullwidth-code-point-3.0.0.tgz",
      "integrity": "sha512-zymm5+u+sCsSWyD9qNaejV3DFvhCKclKdizYaJUuHA83RLjb7nSuGnddCHGv0hk+KY7BMAlsWeK4Ueg6EV6XQg=="
    },
    "is-glob": {
      "version": "4.0.1",
      "resolved": "https://registry.npmjs.org/is-glob/-/is-glob-4.0.1.tgz",
      "integrity": "sha512-5G0tKtBTFImOqDnLB2hG6Bp2qcKEFduo4tZu9MT/H6NQv/ghhy30o55ufafxJ/LdH79LLs2Kfrn85TLKyA7BUg==",
      "requires": {
        "is-extglob": "^2.1.1"
      }
    },
    "is-mergeable-object": {
      "version": "1.1.0",
      "resolved": "https://registry.npmjs.org/is-mergeable-object/-/is-mergeable-object-1.1.0.tgz",
      "integrity": "sha512-JfyDDwUdtS4yHCgUpxOyKB9dnfZ0gecufxB0eytX6BmSXSE+8dbxDGt+V7CNRIRJ9sYFV/WQt2KJG6hNob2sBw=="
    },
    "is-number": {
      "version": "7.0.0",
      "resolved": "https://registry.npmjs.org/is-number/-/is-number-7.0.0.tgz",
      "integrity": "sha512-41Cifkg6e8TylSpdtTpeLVMqvSBEVzTttHvERD741+pnZ8ANv0004MRL43QKPDlK9cGvNp6NZWZUBlbGXYxxng=="
    },
    "lodash": {
      "version": "4.17.20",
      "resolved": "https://registry.npmjs.org/lodash/-/lodash-4.17.20.tgz",
      "integrity": "sha512-PlhdFcillOINfeV7Ni6oF1TAEayyZBoZ8bcshTHqOYJYlrqzRK5hagpagky5o4HfCzzd1TRkXPMFq6cKk9rGmA=="
    },
    "merge2": {
      "version": "1.4.1",
      "resolved": "https://registry.npmjs.org/merge2/-/merge2-1.4.1.tgz",
      "integrity": "sha512-8q7VEgMJW4J8tcfVPy8g09NcQwZdbwFEqhe/WZkoIzjn/3TGDwtOCYtXGxA3O8tPzpczCCDgv+P2P5y00ZJOOg=="
    },
    "micromatch": {
      "version": "4.0.2",
      "resolved": "https://registry.npmjs.org/micromatch/-/micromatch-4.0.2.tgz",
      "integrity": "sha512-y7FpHSbMUMoyPbYUSzO6PaZ6FyRnQOpHuKwbo1G+Knck95XVU4QAiKdGEnj5wwoS7PlOgthX/09u5iFJ+aYf5Q==",
      "requires": {
        "braces": "^3.0.1",
        "picomatch": "^2.0.5"
      }
    },
    "minimatch": {
      "version": "3.0.4",
      "resolved": "https://registry.npmjs.org/minimatch/-/minimatch-3.0.4.tgz",
      "integrity": "sha512-yJHVQEhyqPLUTgt9B83PXu6W3rx4MvvHvSUvToogpwoGDOUQ+yDrR0HRot+yOCdCO7u4hX3pWft6kWBBcqh0UA==",
      "requires": {
        "brace-expansion": "^1.1.7"
      }
    },
    "novel-segment": {
      "version": "2.7.55",
      "resolved": "https://registry.npmjs.org/novel-segment/-/novel-segment-2.7.55.tgz",
      "integrity": "sha512-XJmmtRhJwfY4FIDyOtsLczwR1NinJNNXNVjaptBsNbabLyFLVR57hlw2VZDjVfjN5nA+DIRVr3N/+egYYnyrTw==",
      "requires": {
        "@bluelovers/fast-glob": "^3.0.4",
        "@lazy-cjk/zh-table-list": "^1.0.60",
        "@novel-segment/postag": "^1.0.4",
        "array-hyper-unique": "^1.1.9",
        "bluebird": "^3.7.2",
        "cjk-conv": "^1.2.121",
        "core-decorators": "^0.20.0",
        "crlf-normalize": "^1.0.5",
        "deepmerge-plus": "^2.1.3",
        "lodash": "^4.17.20",
        "regexp-cjk": "^3.3.87",
        "segment-dict": "^2.3.137",
        "sort-object-keys2": "^2.0.3",
        "str-util": "^2.3.26",
        "ts-enum-util": "4.0.2",
        "ts-type": "^1.2.34",
        "uni-string": "^1.1.10"
      }
    },
    "once": {
      "version": "1.4.0",
      "resolved": "https://registry.npmjs.org/once/-/once-1.4.0.tgz",
      "integrity": "sha1-WDsap3WWHUsROsF9nFC6753Xa9E=",
      "requires": {
        "wrappy": "1"
      }
    },
    "path-is-absolute": {
      "version": "1.0.1",
      "resolved": "https://registry.npmjs.org/path-is-absolute/-/path-is-absolute-1.0.1.tgz",
      "integrity": "sha1-F0uSaHNVNP+8es5r9TpanhtcX18="
    },
    "picomatch": {
      "version": "2.2.2",
      "resolved": "https://registry.npmjs.org/picomatch/-/picomatch-2.2.2.tgz",
      "integrity": "sha512-q0M/9eZHzmr0AulXyPwNfZjtwZ/RBZlbN3K3CErVrk50T2ASYI7Bye0EvekFY3IP1Nt2DHu0re+V2ZHIpMkuWg=="
    },
    "readable-stream": {
      "version": "3.6.0",
      "resolved": "https://registry.npmjs.org/readable-stream/-/readable-stream-3.6.0.tgz",
      "integrity": "sha512-BViHy7LKeTz4oNnkcLJ+lVSL6vpiFeX6/d3oSH8zCW7UxP2onchk+vTGB143xuFjHS3deTgkKoXXymXqymiIdA==",
      "requires": {
        "inherits": "^2.0.3",
        "string_decoder": "^1.1.1",
        "util-deprecate": "^1.0.1"
      }
    },
    "regexp-cjk": {
      "version": "3.3.87",
      "resolved": "https://registry.npmjs.org/regexp-cjk/-/regexp-cjk-3.3.87.tgz",
      "integrity": "sha512-kqmtFkAHZbXbdYlL70vZhhSENFknda/ZvWFzTS3Vm8Dc0xQ/88LwdIjoBTBhJj9fyJpTRlYzHXk0OeRzl9uIRA==",
      "requires": {
        "@lazy-cjk/zh-table-list": "^1.0.60",
        "array-hyper-unique": "^1.1.9",
        "lodash": "^4.17.20",
        "regexp-helper": "^1.0.20",
        "regexp-parser-event": "^1.1.24",
        "regexp-parser-literal": "^1.1.16",
        "regexp-range": "^1.0.23",
        "regexp-support": "^1.0.31"
      }
    },
    "regexp-helper": {
      "version": "1.0.20",
      "resolved": "https://registry.npmjs.org/regexp-helper/-/regexp-helper-1.0.20.tgz",
      "integrity": "sha512-bj0VH90dVD+AZelpGVY0FCAirfVoajI1cYkAObcHf3s7ehif6m7zmQqXTS3jpwb/g4TZEddrrG2Ib18qEByKvQ==",
      "requires": {
        "regexp-helper-core": "^1.0.13",
        "regexp-support": "^1.0.31"
      }
    },
    "regexp-helper-core": {
      "version": "1.0.13",
      "resolved": "https://registry.npmjs.org/regexp-helper-core/-/regexp-helper-core-1.0.13.tgz",
      "integrity": "sha512-WRzpWQKGsGInddeVWuUP31jVElk2lgI1DN+RXEI+qoEK08Ht1IjBR1JhO1L0l7Wf+vKZ5Qskkw0uQnACZZ4U2Q=="
    },
    "regexp-parser-event": {
      "version": "1.1.24",
      "resolved": "https://registry.npmjs.org/regexp-parser-event/-/regexp-parser-event-1.1.24.tgz",
      "integrity": "sha512-Jeh1XNe+RGTIbK634pc1cznHtumbsXUUCLal0iL7nLWFx3QdZgWPh72mf/ueq4D6MImIaWguBNt4qnlXC0l5qA==",
      "requires": {
        "array-hyper-unique": "^1.1.9",
        "regexp-parser-literal": "^1.1.16",
        "regexpp2": "^1.3.11",
        "ts-type": "^1.2.34"
      }
    },
    "regexp-parser-literal": {
      "version": "1.1.16",
      "resolved": "https://registry.npmjs.org/regexp-parser-literal/-/regexp-parser-literal-1.1.16.tgz",
      "integrity": "sha512-TXzCY71YYdavBUmcRNSsGhyohkZm57hagVE+ZTQHnid+VKytUga7keuctOE1k23Y1ryIulEV31DMv64o4Yb/ZQ==",
      "requires": {
        "array-hyper-unique": "^1.1.9",
        "emoji-regex": "^9.2.0",
        "regexpp2": "^1.3.11",
        "uni-string": "^1.1.10"
      }
    },
    "regexp-range": {
      "version": "1.0.23",
      "resolved": "https://registry.npmjs.org/regexp-range/-/regexp-range-1.0.23.tgz",
      "integrity": "sha512-1bvEzqhdK1W6OV3XTLCgk5Owm5lPvXeTjsGgkw/Az8GgopaLN05O6z0bdZv3v4TEFwC4ZNSxktKCZo56wv86HQ==",
      "requires": {
        "@lazy-cjk/japanese": "^1.2.11",
        "array-hyper-unique": "^1.1.9",
        "fill-range": "^7.0.1"
      }
    },
    "regexp-support": {
      "version": "1.0.31",
      "resolved": "https://registry.npmjs.org/regexp-support/-/regexp-support-1.0.31.tgz",
      "integrity": "sha512-f4SCiXD8NDDKPsZtCPHpGeN2Bo9hqOZuSnJaZUB2jBT5y60MH2VJMcDJ89Shr+cyAFDuGIGUR30UQcxD3R6T+w==",
      "requires": {
        "sort-object-keys2": "^2.0.3"
      }
    },
    "regexpp2": {
      "version": "1.3.11",
      "resolved": "https://registry.npmjs.org/regexpp2/-/regexpp2-1.3.11.tgz",
      "integrity": "sha512-hMZ5QNQnObuVIFnQeT9vHLq+HEhYb+juEt7Ata70JdqS0DZUMPX/heFPE+y3RyXM1GOIqmGB1BsnojvJ3NK8ng=="
    },
    "reusify": {
      "version": "1.0.4",
      "resolved": "https://registry.npmjs.org/reusify/-/reusify-1.0.4.tgz",
      "integrity": "sha512-U9nH88a3fc/ekCF1l0/UP1IosiuIjyTh7hBvXVMHYgVcfGvt897Xguj2UOLDeI5BG2m7/uwyaLVT6fbtCwTyzw=="
    },
    "run-parallel": {
      "version": "1.1.10",
      "resolved": "https://registry.npmjs.org/run-parallel/-/run-parallel-1.1.10.tgz",
      "integrity": "sha512-zb/1OuZ6flOlH6tQyMPUrE3x3Ulxjlo9WIVXR4yVYi4H9UXQaeIsPbLn2R3O3vQCnDKkAl2qHiuocKKX4Tz/Sw=="
    },
    "runes2": {
      "version": "0.4.14",
      "resolved": "https://registry.npmjs.org/runes2/-/runes2-0.4.14.tgz",
      "integrity": "sha512-/GlL1wVHDbx4kQRmCYM4LiT2awzYGrXQbhFmlCWtq57Xs4lNzYMhMldwcVrlpJ5nd+n80kSmroarcCaaepGWzg=="
    },
    "safe-buffer": {
      "version": "5.2.1",
      "resolved": "https://registry.npmjs.org/safe-buffer/-/safe-buffer-5.2.1.tgz",
      "integrity": "sha512-rp3So07KcdmmKbGvgaNxQSJr7bGVSVk5S9Eq1F+ppbRo70+YeaDxkw5Dd8NPN+GD6bjnYm2VuPuCXmpuYvmCXQ=="
    },
    "segment-dict": {
      "version": "2.3.137",
      "resolved": "https://registry.npmjs.org/segment-dict/-/segment-dict-2.3.137.tgz",
      "integrity": "sha512-UtqTY6x5665aw1KnLphVDmbGzo+l9Z2AHX065WcRiTPfhGt1FTkZqrFTCMEIlqw8RUnWT7xcS7n90luHHgtuEw==",
      "requires": {
        "@bluelovers/fast-glob": "^3.0.4",
        "@novel-segment/dict-loader-core": "^1.0.8",
        "@novel-segment/loader-stopword": "^1.0.8",
        "@novel-segment/loaders": "^1.0.15",
        "@novel-segment/stream-loader-core": "^1.0.7",
        "@novel-segment/util": "^1.0.39",
        "bluebird": "^3.7.2",
        "core-decorators": "^0.20.0",
        "crlf-normalize": "^1.0.5"
      }
    },
    "sort-object-keys2": {
      "version": "2.0.3",
      "resolved": "https://registry.npmjs.org/sort-object-keys2/-/sort-object-keys2-2.0.3.tgz",
      "integrity": "sha512-iqhaVnv8sw6Gsj91Zdzyk2VJ7/Qt8XU3MfmOvHfLUISqswA51Ddi2Q44lVwLeGtxNGQ9qKvJpHRjcZvlQJ6srg=="
    },
    "split2": {
      "version": "3.2.2",
      "resolved": "https://registry.npmjs.org/split2/-/split2-3.2.2.tgz",
      "integrity": "sha512-9NThjpgZnifTkJpzTZ7Eue85S49QwpNhZTq6GRJwObb6jnLFNGB7Qm73V5HewTROPyxD0C29xqmaI68bQtV+hg==",
      "requires": {
        "readable-stream": "^3.0.0"
      }
    },
    "str-util": {
      "version": "2.3.26",
      "resolved": "https://registry.npmjs.org/str-util/-/str-util-2.3.26.tgz",
      "integrity": "sha512-HrRz1AYqhAlxLX3VdDp8VEx7IaV9kMMzpJTAEjykulgDwMUjDwJnuQaOxQsdSfYONryBfBrEkrF9WLuFkq12fQ==",
      "requires": {
        "@lazy-cjk/japanese": "^1.2.8",
        "chinese-parseint2": "^1.1.3",
        "cjk-conv": "^1.2.106",
        "deepmerge": "^4.2.2",
        "is-fullwidth-code-point": "^3.0.0",
        "strip-ansi": "^6.0.0",
        "ts-type": "^1.2.25",
        "uni-string": "^1.1.10"
      }
    },
    "stream-pipe": {
      "version": "1.0.1",
      "resolved": "https://registry.npmjs.org/stream-pipe/-/stream-pipe-1.0.1.tgz",
      "integrity": "sha512-8XfkJV83Mm5tmxbf0nhVOzJ6ptBGEzpuFh7h5il8ZSgGv9xCrS3DqT4vkmt3LetCuRSoAVfrN6tkZrcM07BQHQ=="
    },
    "string-natural-compare": {
      "version": "3.0.1",
      "resolved": "https://registry.npmjs.org/string-natural-compare/-/string-natural-compare-3.0.1.tgz",
      "integrity": "sha512-n3sPwynL1nwKi3WJ6AIsClwBMa0zTi54fn2oLU6ndfTSIO05xaznjSf15PcBZU6FNWbmN5Q6cxT4V5hGvB4taw=="
    },
    "string_decoder": {
      "version": "1.3.0",
      "resolved": "https://registry.npmjs.org/string_decoder/-/string_decoder-1.3.0.tgz",
      "integrity": "sha512-hkRX8U1WjJFd8LsDJ2yQ/wWWxaopEsABU1XfkM8A+j0+85JAGppt16cr1Whg6KIbb4okU6Mql6BOj+uup/wKeA==",
      "requires": {
        "safe-buffer": "~5.2.0"
      }
    },
    "strip-ansi": {
      "version": "6.0.0",
      "resolved": "https://registry.npmjs.org/strip-ansi/-/strip-ansi-6.0.0.tgz",
      "integrity": "sha512-AuvKTrTfQNYNIctbR1K/YGTR1756GycPsg7b9bdV9Duqur4gv6aKqHXah67Z8ImS7WEz5QVcOtlfW2rZEugt6w==",
      "requires": {
        "ansi-regex": "^5.0.0"
      }
    },
    "to-regex-range": {
      "version": "5.0.1",
      "resolved": "https://registry.npmjs.org/to-regex-range/-/to-regex-range-5.0.1.tgz",
      "integrity": "sha512-65P7iz6X5yEr1cwcgvQxbbIw7Uk3gOy5dIdtZ4rDveLqhrdJP+Li/Hx6tyK0NEb+2GCyneCMJiGqrADCSNk8sQ==",
      "requires": {
        "is-number": "^7.0.0"
      }
    },
    "ts-enum-util": {
      "version": "4.0.2",
      "resolved": "https://registry.npmjs.org/ts-enum-util/-/ts-enum-util-4.0.2.tgz",
      "integrity": "sha512-BB5qjvHYgYgOB/CaoA1Cy/B2QNnZ+nVBrJ15VV/AXGWx+AO83k5wgeLOJvkSLoKKavvH/M8Wj4ZbgROjsuYwzw=="
    },
    "ts-type": {
      "version": "1.2.34",
      "resolved": "https://registry.npmjs.org/ts-type/-/ts-type-1.2.34.tgz",
      "integrity": "sha512-r70j8OzgJb16cJ9mpHzmIT286k8Gqik4aAckxDbFc4MyKwwfEeDrXfHt4tLpSNjvqyG51FJGnRt5le6OC4YH0Q==",
      "requires": {
        "typedarray-dts": "^1.0.0"
      }
    },
    "type-detect": {
      "version": "4.0.8",
      "resolved": "https://registry.npmjs.org/type-detect/-/type-detect-4.0.8.tgz",
      "integrity": "sha512-0fr/mIH1dlO+x7TlcMy+bIDqKPsw/70tVyeHW787goQjhmqaZe10uwLujubK9q9Lg6Fiho1KUKDYz0Z7k7g5/g=="
    },
    "typedarray-dts": {
      "version": "1.0.0",
      "resolved": "https://registry.npmjs.org/typedarray-dts/-/typedarray-dts-1.0.0.tgz",
      "integrity": "sha512-Ka0DBegjuV9IPYFT1h0Qqk5U4pccebNIJCGl8C5uU7xtOs+jpJvKGAY4fHGK25hTmXZOEUl9Cnsg5cS6K/b5DA=="
    },
    "uni-string": {
      "version": "1.1.10",
      "resolved": "https://registry.npmjs.org/uni-string/-/uni-string-1.1.10.tgz",
      "integrity": "sha512-AKBMZ5XsIThnY7FBhjVEtJuVw78i+ot3+Ws+d6H6rJepfaTdLstBsCIQsrOX4xCWr8rO8r+gla8x1LM1ZhRgqg==",
      "requires": {
        "es6-class-prototype": "^1.0.4",
        "runes2": "^0.4.14"
      }
    },
    "util-deprecate": {
      "version": "1.0.2",
      "resolved": "https://registry.npmjs.org/util-deprecate/-/util-deprecate-1.0.2.tgz",
      "integrity": "sha1-RQ1Nyfpw3nMnYvvS1KKJgUGaDM8="
    },
    "wrappy": {
      "version": "1.0.2",
      "resolved": "https://registry.npmjs.org/wrappy/-/wrappy-1.0.2.tgz",
      "integrity": "sha1-tSQ9jz7BqjXxNkYFvA0QNuMKtp8="
    }
  }
}
